
Microsoft Visual Studio Solution File, Format Version 12.00
# Visual Studio Version 16
VisualStudioVersion = 16.0.31402.337
MinimumVisualStudioVersion = 10.0.40219.1
Project("{FAE04EC0-301F-11D3-BF4B-00C04F79EFBC}") = "Back-End", "Back-End\Back-End.csproj", "{E739F93F-82FB-49C0-A543-FF2D7712EAF2}"
EndProject
Global
	GlobalSection(SolutionConfigurationPlatforms) = preSolution
		Debug|Any CPU = Debug|Any CPU
		Release|Any CPU = Release|Any CPU
	EndGlobalSection
	GlobalSection(ProjectConfigurationPlatforms) = postSolution
		{E739F93F-82FB-49C0-A543-FF2D7712EAF2}.Debug|Any CPU.ActiveCfg = Debug|Any CPU
		{E739F93F-82FB-49C0-A543-FF2D7712EAF2}.Debug|Any CPU.Build.0 = Debug|Any CPU
		{E739F93F-82FB-49C0-A543-FF2D7712EAF2}.Release|Any CPU.ActiveCfg = Release|Any CPU
		{E739F93F-82FB-49C0-A543-FF2D7712EAF2}.Release|Any CPU.Build.0 = Release|Any CPU
	EndGlobalSection
	GlobalSection(SolutionProperties) = preSolution
		HideSolutionNode = FALSE
	EndGlobalSection
	GlobalSection(ExtensibilityGlobals) = postSolution
		SolutionGuid = {09DB56AD-47C2-4FE1-8DF0-8BC91C58890A}
	EndGlobalSection
EndGlobal
